
Microsoft Visual Studio Solution File, Format Version 12.00
# Visual Studio Version 17
VisualStudioVersion = 17.5.33502.453
MinimumVisualStudioVersion = 10.0.40219.1
Project("{8BC9CEB8-8B4A-11D0-8D11-00A0C91BC942}") = "Palette_v2.0", "Palette_v2.0\Palette_v2.0.vcxproj", "{621142AA-B914-4861-ADAD-EF4EDC7F9AB6}"
EndProject
Global
	GlobalSection(SolutionConfigurationPlatforms) = preSolution
		Debug|x64 = Debug|x64
		Release|x64 = Release|x64
	EndGlobalSection
	GlobalSection(ProjectConfigurationPlatforms) = postSolution
		{621142AA-B914-4861-ADAD-EF4EDC7F9AB6}.Debug|x64.ActiveCfg = Debug|x64
		{621142AA-B914-4861-ADAD-EF4EDC7F9AB6}.Debug|x64.Build.0 = Debug|x64
		{621142AA-B914-4861-ADAD-EF4EDC7F9AB6}.Release|x64.ActiveCfg = Release|x64
		{621142AA-B914-4861-ADAD-EF4EDC7F9AB6}.Release|x64.Build.0 = Release|x64
	EndGlobalSection
	GlobalSection(SolutionProperties) = preSolution
		HideSolutionNode = FALSE
	EndGlobalSection
	GlobalSection(ExtensibilityGlobals) = postSolution
		SolutionGuid = {8FDE5445-5C0A-4F5C-BB07-6F6E211C65BC}
	EndGlobalSection
EndGlobal
